
Microsoft Visual Studio Solution File, Format Version 12.00
# Visual Studio Version 17
VisualStudioVersion = 17.10.35027.167
MinimumVisualStudioVersion = 10.0.40219.1
Project("{2150E333-8FDC-42A3-9474-1A3956D46DE8}") = "Services", "Services", "{FBCB7BA5-B1BB-43B3-9C57-FBBCB3B9EE81}"
EndProject
Project("{2150E333-8FDC-42A3-9474-1A3956D46DE8}") = "Catalog", "Catalog", "{B7744492-C8B1-4D0A-84CB-0BF2BF1E4AE8}"
EndProject
Project("{FAE04EC0-301F-11D3-BF4B-00C04F79EFBC}") = "MultiShop.Catalog", "Services\Catalog\MultiShop.Catalog\MultiShop.Catalog.csproj", "{5CC4212B-87ED-4330-9BCD-E5096A044BD7}"
EndProject
Project("{2150E333-8FDC-42A3-9474-1A3956D46DE8}") = "Discount", "Discount", "{EA572132-07BA-410F-83BE-37E36F06A167}"
EndProject
Project("{FAE04EC0-301F-11D3-BF4B-00C04F79EFBC}") = "MultiShop.Discount", "Services\Discount\MultiShop.Discount\MultiShop.Discount.csproj", "{483EF60F-191A-401B-9546-B8E2B41C06C7}"
EndProject
Global
	GlobalSection(SolutionConfigurationPlatforms) = preSolution
		Debug|Any CPU = Debug|Any CPU
		Release|Any CPU = Release|Any CPU
	EndGlobalSection
	GlobalSection(ProjectConfigurationPlatforms) = postSolution
		{5CC4212B-87ED-4330-9BCD-E5096A044BD7}.Debug|Any CPU.ActiveCfg = Debug|Any CPU
		{5CC4212B-87ED-4330-9BCD-E5096A044BD7}.Debug|Any CPU.Build.0 = Debug|Any CPU
		{5CC4212B-87ED-4330-9BCD-E5096A044BD7}.Release|Any CPU.ActiveCfg = Release|Any CPU
		{5CC4212B-87ED-4330-9BCD-E5096A044BD7}.Release|Any CPU.Build.0 = Release|Any CPU
		{483EF60F-191A-401B-9546-B8E2B41C06C7}.Debug|Any CPU.ActiveCfg = Debug|Any CPU
		{483EF60F-191A-401B-9546-B8E2B41C06C7}.Debug|Any CPU.Build.0 = Debug|Any CPU
		{483EF60F-191A-401B-9546-B8E2B41C06C7}.Release|Any CPU.ActiveCfg = Release|Any CPU
		{483EF60F-191A-401B-9546-B8E2B41C06C7}.Release|Any CPU.Build.0 = Release|Any CPU
	EndGlobalSection
	GlobalSection(SolutionProperties) = preSolution
		HideSolutionNode = FALSE
	EndGlobalSection
	GlobalSection(NestedProjects) = preSolution
		{B7744492-C8B1-4D0A-84CB-0BF2BF1E4AE8} = {FBCB7BA5-B1BB-43B3-9C57-FBBCB3B9EE81}
		{5CC4212B-87ED-4330-9BCD-E5096A044BD7} = {B7744492-C8B1-4D0A-84CB-0BF2BF1E4AE8}
		{EA572132-07BA-410F-83BE-37E36F06A167} = {FBCB7BA5-B1BB-43B3-9C57-FBBCB3B9EE81}
		{483EF60F-191A-401B-9546-B8E2B41C06C7} = {EA572132-07BA-410F-83BE-37E36F06A167}
	EndGlobalSection
	GlobalSection(ExtensibilityGlobals) = postSolution
		SolutionGuid = {C6546468-796A-4597-931F-BEF22FD2A40A}
	EndGlobalSection
EndGlobal
